
Microsoft Visual Studio Solution File, Format Version 12.00
# Visual Studio Version 17
VisualStudioVersion = 17.3.32804.467
MinimumVisualStudioVersion = 10.0.40219.1
Project("{9A19103F-16F7-4668-BE54-9A1E7A4F7556}") = "ControleDeDespesas.WebApi", "ControleDeDespesas\ControleDeDespesas.WebApi.csproj", "{FBF42959-D85A-432E-BDB7-1FEC5DCE379E}"
EndProject
Project("{9A19103F-16F7-4668-BE54-9A1E7A4F7556}") = "ControleDeDespesas.Infra.Data", "ControleDeDespesas.Infra.Data\ControleDeDespesas.Infra.Data.csproj", "{5A8A18AC-5B7A-4036-A620-E6F406B496AB}"
	ProjectSection(ProjectDependencies) = postProject
		{32CC640E-1E92-4783-ADEA-F9CAD85D85E1} = {32CC640E-1E92-4783-ADEA-F9CAD85D85E1}
	EndProjectSection
EndProject
Project("{9A19103F-16F7-4668-BE54-9A1E7A4F7556}") = "ControleDeDespesas.Domain", "ControleDeDespesas.Domain\ControleDeDespesas.Domain.csproj", "{32CC640E-1E92-4783-ADEA-F9CAD85D85E1}"
EndProject
Global
	GlobalSection(SolutionConfigurationPlatforms) = preSolution
		Debug|Any CPU = Debug|Any CPU
		Release|Any CPU = Release|Any CPU
	EndGlobalSection
	GlobalSection(ProjectConfigurationPlatforms) = postSolution
		{FBF42959-D85A-432E-BDB7-1FEC5DCE379E}.Debug|Any CPU.ActiveCfg = Debug|Any CPU
		{FBF42959-D85A-432E-BDB7-1FEC5DCE379E}.Debug|Any CPU.Build.0 = Debug|Any CPU
		{FBF42959-D85A-432E-BDB7-1FEC5DCE379E}.Release|Any CPU.ActiveCfg = Release|Any CPU
		{FBF42959-D85A-432E-BDB7-1FEC5DCE379E}.Release|Any CPU.Build.0 = Release|Any CPU
		{5A8A18AC-5B7A-4036-A620-E6F406B496AB}.Debug|Any CPU.ActiveCfg = Debug|Any CPU
		{5A8A18AC-5B7A-4036-A620-E6F406B496AB}.Debug|Any CPU.Build.0 = Debug|Any CPU
		{5A8A18AC-5B7A-4036-A620-E6F406B496AB}.Release|Any CPU.ActiveCfg = Release|Any CPU
		{5A8A18AC-5B7A-4036-A620-E6F406B496AB}.Release|Any CPU.Build.0 = Release|Any CPU
		{32CC640E-1E92-4783-ADEA-F9CAD85D85E1}.Debug|Any CPU.ActiveCfg = Debug|Any CPU
		{32CC640E-1E92-4783-ADEA-F9CAD85D85E1}.Debug|Any CPU.Build.0 = Debug|Any CPU
		{32CC640E-1E92-4783-ADEA-F9CAD85D85E1}.Release|Any CPU.ActiveCfg = Release|Any CPU
		{32CC640E-1E92-4783-ADEA-F9CAD85D85E1}.Release|Any CPU.Build.0 = Release|Any CPU
	EndGlobalSection
	GlobalSection(SolutionProperties) = preSolution
		HideSolutionNode = FALSE
	EndGlobalSection
	GlobalSection(ExtensibilityGlobals) = postSolution
		SolutionGuid = {84548DCB-C184-46ED-A696-6BEF32FA34BA}
	EndGlobalSection
EndGlobal
